// !$*UTF8*$!
{
	archiveVersion = 1;
	classes = {
	};
	objectVersion = 46;
	objects = {

/* Begin PBXBuildFile section */
		64DB3DC61E74BF8C000908C4 /* main.cpp in Sources */ = {isa = PBXBuildFile; fileRef = 64DB3DC51E74BF8C000908C4 /* main.cpp */; };
		64DB3DCA1E74C285000908C4 /* CParseXML.cpp in Sources */ = {isa = PBXBuildFile; fileRef = 64DB3DC81E74C285000908C4 /* CParseXML.cpp */; };
		64DB3DD21E74C2D1000908C4 /* tinystr.cpp in Sources */ = {isa = PBXBuildFile; fileRef = 64DB3DCC1E74C2D1000908C4 /* tinystr.cpp */; };
		64DB3DD31E74C2D1000908C4 /* tinyxml.cpp in Sources */ = {isa = PBXBuildFile; fileRef = 64DB3DCE1E74C2D1000908C4 /* tinyxml.cpp */; };
		64DB3DD41E74C2D1000908C4 /* tinyxmlerror.cpp in Sources */ = {isa = PBXBuildFile; fileRef = 64DB3DD01E74C2D1000908C4 /* tinyxmlerror.cpp */; };
		64DB3DD51E74C2D1000908C4 /* tinyxmlparser.cpp in Sources */ = {isa = PBXBuildFile; fileRef = 64DB3DD11E74C2D1000908C4 /* tinyxmlparser.cpp */; };
/* End PBXBuildFile section */

/* Begin PBXCopyFilesBuildPhase section */
		64DB3DB91E74BF40000908C4 /* CopyFiles */ = {
			isa = PBXCopyFilesBuildPhase;
			buildActionMask = 2147483647;
			dstPath = /usr/share/man/man1/;
			dstSubfolderSpec = 0;
			files = (
			);
			runOnlyForDeploymentPostprocessing = 1;
		};
/* End PBXCopyFilesBuildPhase section */

/* Begin PBXFileReference section */
		64DB3DBB1E74BF40000908C4 /* R01C00_client */ = {isa = PBXFileReference; explicitFileType = "compiled.mach-o.executable"; includeInIndex = 0; path = R01C00_client; sourceTree = BUILT_PRODUCTS_DIR; };
		64DB3DC51E74BF8C000908C4 /* main.cpp */ = {isa = PBXFileReference; fileEncoding = 4; lastKnownFileType = sourcecode.cpp.cpp; name = main.cpp; path = main/main.cpp; sourceTree = SOURCE_ROOT; };
		64DB3DC81E74C285000908C4 /* CParseXML.cpp */ = {isa = PBXFileReference; fileEncoding = 4; lastKnownFileType = sourcecode.cpp.cpp; name = CParseXML.cpp; path = CParseXML/CParseXML.cpp; sourceTree = "<group>"; };
		64DB3DC91E74C285000908C4 /* CParseXML.hpp */ = {isa = PBXFileReference; fileEncoding = 4; lastKnownFileType = sourcecode.cpp.h; name = CParseXML.hpp; path = CParseXML/CParseXML.hpp; sourceTree = "<group>"; };
		64DB3DCC1E74C2D1000908C4 /* tinystr.cpp */ = {isa = PBXFileReference; fileEncoding = 4; lastKnownFileType = sourcecode.cpp.cpp; name = tinystr.cpp; path = tinyxml/tinystr.cpp; sourceTree = "<group>"; };
		64DB3DCD1E74C2D1000908C4 /* tinystr.h */ = {isa = PBXFileReference; fileEncoding = 4; lastKnownFileType = sourcecode.c.h; name = tinystr.h; path = tinyxml/tinystr.h; sourceTree = "<group>"; };
		64DB3DCE1E74C2D1000908C4 /* tinyxml.cpp */ = {isa = PBXFileReference; fileEncoding = 4; lastKnownFileType = sourcecode.cpp.cpp; name = tinyxml.cpp; path = tinyxml/tinyxml.cpp; sourceTree = "<group>"; };
		64DB3DCF1E74C2D1000908C4 /* tinyxml.h */ = {isa = PBXFileReference; fileEncoding = 4; lastKnownFileType = sourcecode.c.h; name = tinyxml.h; path = tinyxml/tinyxml.h; sourceTree = "<group>"; };
		64DB3DD01E74C2D1000908C4 /* tinyxmlerror.cpp */ = {isa = PBXFileReference; fileEncoding = 4; lastKnownFileType = sourcecode.cpp.cpp; name = tinyxmlerror.cpp; path = tinyxml/tinyxmlerror.cpp; sourceTree = "<group>"; };
		64DB3DD11E74C2D1000908C4 /* tinyxmlparser.cpp */ = {isa = PBXFileReference; fileEncoding = 4; lastKnownFileType = sourcecode.cpp.cpp; name = tinyxmlparser.cpp; path = tinyxml/tinyxmlparser.cpp; sourceTree = "<group>"; };
/* End PBXFileReference section */

/* Begin PBXFrameworksBuildPhase section */
		64DB3DB81E74BF40000908C4 /* Frameworks */ = {
			isa = PBXFrameworksBuildPhase;
			buildActionMask = 2147483647;
			files = (
			);
			runOnlyForDeploymentPostprocessing = 0;
		};
/* End PBXFrameworksBuildPhase section */

/* Begin PBXGroup section */
		64DB3DB21E74BF40000908C4 = {
			isa = PBXGroup;
			children = (
				64DB3DC71E74C254000908C4 /* CparseXML */,
				64DB3DBD1E74BF40000908C4 /* main */,
				64DB3DCB1E74C297000908C4 /* tinyXML */,
				64DB3DBC1E74BF40000908C4 /* Products */,
			);
			sourceTree = "<group>";
		};
		64DB3DBC1E74BF40000908C4 /* Products */ = {
			isa = PBXGroup;
			children = (
				64DB3DBB1E74BF40000908C4 /* R01C00_client */,
			);
			name = Products;
			sourceTree = "<group>";
		};
		64DB3DBD1E74BF40000908C4 /* main */ = {
			isa = PBXGroup;
			children = (
				64DB3DC51E74BF8C000908C4 /* main.cpp */,
			);
			name = main;
			path = R01C00;
			sourceTree = "<group>";
		};
		64DB3DC71E74C254000908C4 /* CparseXML */ = {
			isa = PBXGroup;
			children = (
				64DB3DC81E74C285000908C4 /* CParseXML.cpp */,
				64DB3DC91E74C285000908C4 /* CParseXML.hpp */,
			);
			name = CparseXML;
			sourceTree = "<group>";
		};
		64DB3DCB1E74C297000908C4 /* tinyXML */ = {
			isa = PBXGroup;
			children = (
				64DB3DCC1E74C2D1000908C4 /* tinystr.cpp */,
				64DB3DCD1E74C2D1000908C4 /* tinystr.h */,
				64DB3DCE1E74C2D1000908C4 /* tinyxml.cpp */,
				64DB3DCF1E74C2D1000908C4 /* tinyxml.h */,
				64DB3DD01E74C2D1000908C4 /* tinyxmlerror.cpp */,
				64DB3DD11E74C2D1000908C4 /* tinyxmlparser.cpp */,
			);
			name = tinyXML;
			sourceTree = "<group>";
		};
/* End PBXGroup section */

/* Begin PBXNativeTarget section */
		64DB3DBA1E74BF40000908C4 /* R01C00_client */ = {
			isa = PBXNativeTarget;
			buildConfigurationList = 64DB3DC21E74BF40000908C4 /* Build configuration list for PBXNativeTarget "R01C00_client" */;
			buildPhases = (
				64DB3DB71E74BF40000908C4 /* Sources */,
				64DB3DB81E74BF40000908C4 /* Frameworks */,
				64DB3DB91E74BF40000908C4 /* CopyFiles */,
			);
			buildRules = (
			);
			dependencies = (
			);
			name = R01C00_client;
			productName = R01C00;
			productReference = 64DB3DBB1E74BF40000908C4 /* R01C00_client */;
			productType = "com.apple.product-type.tool";
		};
/* End PBXNativeTarget section */

/* Begin PBXProject section */
		64DB3DB31E74BF40000908C4 /* Project object */ = {
			isa = PBXProject;
			attributes = {
				LastUpgradeCheck = 0820;
				ORGANIZATIONNAME = "赵军岩";
				TargetAttributes = {
					64DB3DBA1E74BF40000908C4 = {
						CreatedOnToolsVersion = 8.2.1;
						ProvisioningStyle = Automatic;
					};
				};
			};
			buildConfigurationList = 64DB3DB61E74BF40000908C4 /* Build configuration list for PBXProject "R01C00_client" */;
			compatibilityVersion = "Xcode 3.2";
			developmentRegion = English;
			hasScannedForEncodings = 0;
			knownRegions = (
				en,
			);
			mainGroup = 64DB3DB21E74BF40000908C4;
			productRefGroup = 64DB3DBC1E74BF40000908C4 /* Products */;
			projectDirPath = "";
			projectRoot = "";
			targets = (
				64DB3DBA1E74BF40000908C4 /* R01C00_client */,
			);
		};
/* End PBXProject section */

/* Begin PBXSourcesBuildPhase section */
		64DB3DB71E74BF40000908C4 /* Sources */ = {
			isa = PBXSourcesBuildPhase;
			buildActionMask = 2147483647;
			files = (
				64DB3DC61E74BF8C000908C4 /* main.cpp in Sources */,
				64DB3DD31E74C2D1000908C4 /* tinyxml.cpp in Sources */,
				64DB3DD21E74C2D1000908C4 /* tinystr.cpp in Sources */,
				64DB3DD41E74C2D1000908C4 /* tinyxmlerror.cpp in Sources */,
				64DB3DD51E74C2D1000908C4 /* tinyxmlparser.cpp in Sources */,
				64DB3DCA1E74C285000908C4 /* CParseXML.cpp in Sources */,
			);
			runOnlyForDeploymentPostprocessing = 0;
		};
/* End PBXSourcesBuildPhase section */

/* Begin XCBuildConfiguration section */
		64DB3DC01E74BF40000908C4 /* Debug */ = {
			isa = XCBuildConfiguration;
			buildSettings = {
				ALWAYS_SEARCH_USER_PATHS = NO;
				CLANG_ANALYZER_NONNULL = YES;
				CLANG_CXX_LANGUAGE_STANDARD = "gnu++0x";
				CLANG_CXX_LIBRARY = "libc++";
				CLANG_ENABLE_MODULES = YES;
				CLANG_ENABLE_OBJC_ARC = YES;
				CLANG_WARN_BOOL_CONVERSION = YES;
				CLANG_WARN_CONSTANT_CONVERSION = YES;
				CLANG_WARN_DIRECT_OBJC_ISA_USAGE = YES_ERROR;
				CLANG_WARN_DOCUMENTATION_COMMENTS = YES;
				CLANG_WARN_EMPTY_BODY = YES;
				CLANG_WARN_ENUM_CONVERSION = YES;
				CLANG_WARN_INFINITE_RECURSION = YES;
				CLANG_WARN_INT_CONVERSION = YES;
				CLANG_WARN_OBJC_ROOT_CLASS = YES_ERROR;
				CLANG_WARN_SUSPICIOUS_MOVE = YES;
				CLANG_WARN_UNREACHABLE_CODE = YES;
				CLANG_WARN__DUPLICATE_METHOD_MATCH = YES;
				CODE_SIGN_IDENTITY = "-";
				COPY_PHASE_STRIP = NO;
				DEBUG_INFORMATION_FORMAT = dwarf;
				ENABLE_STRICT_OBJC_MSGSEND = YES;
				ENABLE_TESTABILITY = YES;
				GCC_C_LANGUAGE_STANDARD = gnu99;
				GCC_DYNAMIC_NO_PIC = NO;
				GCC_NO_COMMON_BLOCKS = YES;
				GCC_OPTIMIZATION_LEVEL = 0;
				GCC_PREPROCESSOR_DEFINITIONS = (
					"DEBUG=1",
					"$(inherited)",
				);
				GCC_WARN_64_TO_32_BIT_CONVERSION = YES;
				GCC_WARN_ABOUT_RETURN_TYPE = YES_ERROR;
				GCC_WARN_UNDECLARED_SELECTOR = YES;
				GCC_WARN_UNINITIALIZED_AUTOS = YES_AGGRESSIVE;
				GCC_WARN_UNUSED_FUNCTION = YES;
				GCC_WARN_UNUSED_VARIABLE = YES;
				MACOSX_DEPLOYMENT_TARGET = 10.12;
				MTL_ENABLE_DEBUG_INFO = YES;
				ONLY_ACTIVE_ARCH = YES;
				SDKROOT = macosx;
			};
			name = Debug;
		};
		64DB3DC11E74BF40000908C4 /* Release */ = {
			isa = XCBuildConfiguration;
			buildSettings = {
				ALWAYS_SEARCH_USER_PATHS = NO;
				CLANG_ANALYZER_NONNULL = YES;
				CLANG_CXX_LANGUAGE_STANDARD = "gnu++0x";
				CLANG_CXX_LIBRARY = "libc++";
				CLANG_ENABLE_MODULES = YES;
				CLANG_ENABLE_OBJC_ARC = YES;
				CLANG_WARN_BOOL_CONVERSION = YES;
				CLANG_WARN_CONSTANT_CONVERSION = YES;
				CLANG_WARN_DIRECT_OBJC_ISA_USAGE = YES_ERROR;
				CLANG_WARN_DOCUMENTATION_COMMENTS = YES;
				CLANG_WARN_EMPTY_BODY = YES;
				CLANG_WARN_ENUM_CONVERSION = YES;
				CLANG_WARN_INFINITE_RECURSION = YES;
				CLANG_WARN_INT_CONVERSION = YES;
				CLANG_WARN_OBJC_ROOT_CLASS = YES_ERROR;
				CLANG_WARN_SUSPICIOUS_MOVE = YES;
				CLANG_WARN_UNREACHABLE_CODE = YES;
				CLANG_WARN__DUPLICATE_METHOD_MATCH = YES;
				CODE_SIGN_IDENTITY = "-";
				COPY_PHASE_STRIP = NO;
				DEBUG_INFORMATION_FORMAT = "dwarf-with-dsym";
				ENABLE_NS_ASSERTIONS = NO;
				ENABLE_STRICT_OBJC_MSGSEND = YES;
				GCC_C_LANGUAGE_STANDARD = gnu99;
				GCC_NO_COMMON_BLOCKS = YES;
				GCC_WARN_64_TO_32_BIT_CONVERSION = YES;
				GCC_WARN_ABOUT_RETURN_TYPE = YES_ERROR;
				GCC_WARN_UNDECLARED_SELECTOR = YES;
				GCC_WARN_UNINITIALIZED_AUTOS = YES_AGGRESSIVE;
				GCC_WARN_UNUSED_FUNCTION = YES;
				GCC_WARN_UNUSED_VARIABLE = YES;
				MACOSX_DEPLOYMENT_TARGET = 10.12;
				MTL_ENABLE_DEBUG_INFO = NO;
				SDKROOT = macosx;
			};
			name = Release;
		};
		64DB3DC31E74BF40000908C4 /* Debug */ = {
			isa = XCBuildConfiguration;
			buildSettings = {
				PRODUCT_NAME = "$(TARGET_NAME)";
			};
			name = Debug;
		};
		64DB3DC41E74BF40000908C4 /* Release */ = {
			isa = XCBuildConfiguration;
			buildSettings = {
				PRODUCT_NAME = "$(TARGET_NAME)";
			};
			name = Release;
		};
/* End XCBuildConfiguration section */

/* Begin XCConfigurationList section */
		64DB3DB61E74BF40000908C4 /* Build configuration list for PBXProject "R01C00_client" */ = {
			isa = XCConfigurationList;
			buildConfigurations = (
				64DB3DC01E74BF40000908C4 /* Debug */,
				64DB3DC11E74BF40000908C4 /* Release */,
			);
			defaultConfigurationIsVisible = 0;
			defaultConfigurationName = Release;
		};
		64DB3DC21E74BF40000908C4 /* Build configuration list for PBXNativeTarget "R01C00_client" */ = {
			isa = XCConfigurationList;
			buildConfigurations = (
				64DB3DC31E74BF40000908C4 /* Debug */,
				64DB3DC41E74BF40000908C4 /* Release */,
			);
			defaultConfigurationIsVisible = 0;
			defaultConfigurationName = Release;
		};
/* End XCConfigurationList section */
	};
	rootObject = 64DB3DB31E74BF40000908C4 /* Project object */;
}
